
Microsoft Visual Studio Solution File, Format Version 12.00
# Visual Studio Version 17
VisualStudioVersion = 17.5.33414.496
MinimumVisualStudioVersion = 10.0.40219.1
Project("{FAE04EC0-301F-11D3-BF4B-00C04F79EFBC}") = "Presentacion", "Presentacion\Presentacion.csproj", "{6EA95D55-AC1A-471F-A091-71CC4DE52D50}"
EndProject
Project("{FAE04EC0-301F-11D3-BF4B-00C04F79EFBC}") = "Datos", "Datos\Datos.csproj", "{87C8F773-066C-4B61-8249-2F807109CB5F}"
EndProject
Project("{FAE04EC0-301F-11D3-BF4B-00C04F79EFBC}") = "Logica", "Logica\Logica.csproj", "{6C578635-602E-495D-AEE6-05465CC0A9A1}"
EndProject
Project("{FAE04EC0-301F-11D3-BF4B-00C04F79EFBC}") = "Entidades", "Entidades\Entidades.csproj", "{B5633018-006F-4794-9050-2C907930792C}"
EndProject
Global
	GlobalSection(SolutionConfigurationPlatforms) = preSolution
		Debug|Any CPU = Debug|Any CPU
		Release|Any CPU = Release|Any CPU
	EndGlobalSection
	GlobalSection(ProjectConfigurationPlatforms) = postSolution
		{6EA95D55-AC1A-471F-A091-71CC4DE52D50}.Debug|Any CPU.ActiveCfg = Debug|Any CPU
		{6EA95D55-AC1A-471F-A091-71CC4DE52D50}.Debug|Any CPU.Build.0 = Debug|Any CPU
		{6EA95D55-AC1A-471F-A091-71CC4DE52D50}.Release|Any CPU.ActiveCfg = Release|Any CPU
		{6EA95D55-AC1A-471F-A091-71CC4DE52D50}.Release|Any CPU.Build.0 = Release|Any CPU
		{87C8F773-066C-4B61-8249-2F807109CB5F}.Debug|Any CPU.ActiveCfg = Debug|Any CPU
		{87C8F773-066C-4B61-8249-2F807109CB5F}.Debug|Any CPU.Build.0 = Debug|Any CPU
		{87C8F773-066C-4B61-8249-2F807109CB5F}.Release|Any CPU.ActiveCfg = Release|Any CPU
		{87C8F773-066C-4B61-8249-2F807109CB5F}.Release|Any CPU.Build.0 = Release|Any CPU
		{6C578635-602E-495D-AEE6-05465CC0A9A1}.Debug|Any CPU.ActiveCfg = Debug|Any CPU
		{6C578635-602E-495D-AEE6-05465CC0A9A1}.Debug|Any CPU.Build.0 = Debug|Any CPU
		{6C578635-602E-495D-AEE6-05465CC0A9A1}.Release|Any CPU.ActiveCfg = Release|Any CPU
		{6C578635-602E-495D-AEE6-05465CC0A9A1}.Release|Any CPU.Build.0 = Release|Any CPU
		{B5633018-006F-4794-9050-2C907930792C}.Debug|Any CPU.ActiveCfg = Debug|Any CPU
		{B5633018-006F-4794-9050-2C907930792C}.Debug|Any CPU.Build.0 = Debug|Any CPU
		{B5633018-006F-4794-9050-2C907930792C}.Release|Any CPU.ActiveCfg = Release|Any CPU
		{B5633018-006F-4794-9050-2C907930792C}.Release|Any CPU.Build.0 = Release|Any CPU
	EndGlobalSection
	GlobalSection(SolutionProperties) = preSolution
		HideSolutionNode = FALSE
	EndGlobalSection
	GlobalSection(ExtensibilityGlobals) = postSolution
		SolutionGuid = {400FE7E6-9AD4-4F5A-84ED-52861874CE5B}
	EndGlobalSection
EndGlobal
